{
  "name": "app",
  "version": "1.0.0",
  "lockfileVersion": 1,
  "requires": true,
  "dependencies": {
    "libywlee": {
      "version": "1.0.11",
      "resolved": "https://registry.npmjs.org/libywlee/-/libywlee-1.0.11.tgz",
      "integrity": "sha512-Fvt7sKV0ZNyK35WV+8wFUqxutK7hHaTP2W3Thq7E0KgQ4B6yKy7CoJcUtm/lGx+15Pvi197jGOJ2AE4kL65ycA=="
    }
  }
}
